
Microsoft Visual Studio Solution File, Format Version 12.00
# Visual Studio Version 17
VisualStudioVersion = 17.5.002.0
MinimumVisualStudioVersion = 10.0.40219.1
Project("{9A19103F-16F7-4668-BE54-9A1E7A4F7556}") = "FastAndFurious", "FastAndFurious.csproj", "{26B1E409-F625-4E8D-9BFB-AFA73DD5A71C}"
EndProject
Project("{FAE04EC0-301F-11D3-BF4B-00C04F79EFBC}") = "MyFirstMAUIapp", "..\..\Week 5\MyFirstMAUIapp\MyFirstMAUIapp.csproj", "{A3510AFB-709F-4911-879D-B4E92D88FC0B}"
EndProject
Global
	GlobalSection(SolutionConfigurationPlatforms) = preSolution
		Debug|Any CPU = Debug|Any CPU
		Release|Any CPU = Release|Any CPU
	EndGlobalSection
	GlobalSection(ProjectConfigurationPlatforms) = postSolution
		{26B1E409-F625-4E8D-9BFB-AFA73DD5A71C}.Debug|Any CPU.ActiveCfg = Debug|Any CPU
		{26B1E409-F625-4E8D-9BFB-AFA73DD5A71C}.Debug|Any CPU.Build.0 = Debug|Any CPU
		{26B1E409-F625-4E8D-9BFB-AFA73DD5A71C}.Release|Any CPU.ActiveCfg = Release|Any CPU
		{26B1E409-F625-4E8D-9BFB-AFA73DD5A71C}.Release|Any CPU.Build.0 = Release|Any CPU
		{A3510AFB-709F-4911-879D-B4E92D88FC0B}.Debug|Any CPU.ActiveCfg = Debug|Any CPU
		{A3510AFB-709F-4911-879D-B4E92D88FC0B}.Debug|Any CPU.Build.0 = Debug|Any CPU
		{A3510AFB-709F-4911-879D-B4E92D88FC0B}.Release|Any CPU.ActiveCfg = Release|Any CPU
		{A3510AFB-709F-4911-879D-B4E92D88FC0B}.Release|Any CPU.Build.0 = Release|Any CPU
	EndGlobalSection
	GlobalSection(SolutionProperties) = preSolution
		HideSolutionNode = FALSE
	EndGlobalSection
	GlobalSection(ExtensibilityGlobals) = postSolution
		SolutionGuid = {DDCF932D-9A8D-4C94-A4B0-7F16934D15E6}
	EndGlobalSection
EndGlobal
